// !$*UTF8*$!
{
	archiveVersion = 1;
	classes = {
	};
	objectVersion = 56;
	objects = {

/* Begin PBXBuildFile section */
		8B5545932BECF45300601489 /* SearchResultView.swift in Sources */ = {isa = PBXBuildFile; fileRef = 8B5545922BECF45300601489 /* SearchResultView.swift */; };
		8B5545952BED10DD00601489 /* SearchResultRowView.swift in Sources */ = {isa = PBXBuildFile; fileRef = 8B5545942BED10DD00601489 /* SearchResultRowView.swift */; };
		8B5545972BED11E300601489 /* Network.swift in Sources */ = {isa = PBXBuildFile; fileRef = 8B5545962BED11E300601489 /* Network.swift */; };
		8B55459A2BED122E00601489 /* SearchModel.swift in Sources */ = {isa = PBXBuildFile; fileRef = 8B5545992BED122E00601489 /* SearchModel.swift */; };
		8B55459C2BED12E500601489 /* .gitignore in Resources */ = {isa = PBXBuildFile; fileRef = 8B55459B2BED12E500601489 /* .gitignore */; };
		8B5545A22BED193A00601489 /* SearchResultViewModel.swift in Sources */ = {isa = PBXBuildFile; fileRef = 8B5545A12BED193A00601489 /* SearchResultViewModel.swift */; };
		8B5545A42BED1E3300601489 /* APIKey.swift in Sources */ = {isa = PBXBuildFile; fileRef = 8B5545A32BED1E3300601489 /* APIKey.swift */; };
		8B5A3E902B65377800B7DD22 /* AppDelegate.swift in Sources */ = {isa = PBXBuildFile; fileRef = 8B5A3E8F2B65377800B7DD22 /* AppDelegate.swift */; };
		8B5A3E922B65377800B7DD22 /* SceneDelegate.swift in Sources */ = {isa = PBXBuildFile; fileRef = 8B5A3E912B65377800B7DD22 /* SceneDelegate.swift */; };
		8B5A3E942B65377800B7DD22 /* ViewController.swift in Sources */ = {isa = PBXBuildFile; fileRef = 8B5A3E932B65377800B7DD22 /* ViewController.swift */; };
		8B5A3E972B65377800B7DD22 /* Main.storyboard in Resources */ = {isa = PBXBuildFile; fileRef = 8B5A3E952B65377800B7DD22 /* Main.storyboard */; };
		8B5A3E992B65377A00B7DD22 /* Assets.xcassets in Resources */ = {isa = PBXBuildFile; fileRef = 8B5A3E982B65377A00B7DD22 /* Assets.xcassets */; };
		8B5A3E9C2B65377A00B7DD22 /* LaunchScreen.storyboard in Resources */ = {isa = PBXBuildFile; fileRef = 8B5A3E9A2B65377A00B7DD22 /* LaunchScreen.storyboard */; };
		8B5A3EAA2B65F9EF00B7DD22 /* SnapKit in Frameworks */ = {isa = PBXBuildFile; productRef = 8B5A3EA92B65F9EF00B7DD22 /* SnapKit */; };
		8B5A3EAC2B65F9EF00B7DD22 /* SnapKit-Dynamic in Frameworks */ = {isa = PBXBuildFile; productRef = 8B5A3EAB2B65F9EF00B7DD22 /* SnapKit-Dynamic */; };
		8B5A3EAF2B65FB7700B7DD22 /* OnboardingViewController.swift in Sources */ = {isa = PBXBuildFile; fileRef = 8B5A3EAE2B65FB7700B7DD22 /* OnboardingViewController.swift */; };
		8B5A3EB22B65FB8D00B7DD22 /* SettingViewController.swift in Sources */ = {isa = PBXBuildFile; fileRef = 8B5A3EB12B65FB8D00B7DD22 /* SettingViewController.swift */; };
		8B5A3EB52B65FBB100B7DD22 /* SearchViewController.swift in Sources */ = {isa = PBXBuildFile; fileRef = 8B5A3EB42B65FBB100B7DD22 /* SearchViewController.swift */; };
		8B5A3EB72B65FC8800B7DD22 /* UserDefaultManager.swift in Sources */ = {isa = PBXBuildFile; fileRef = 8B5A3EB62B65FC8800B7DD22 /* UserDefaultManager.swift */; };
		8B5A3EBE2B65FEF100B7DD22 /* UIImageView+Extension.swift in Sources */ = {isa = PBXBuildFile; fileRef = 8B5A3EB92B65FEF100B7DD22 /* UIImageView+Extension.swift */; };
		8B5A3EBF2B65FEF100B7DD22 /* UIButton+Extension.swift in Sources */ = {isa = PBXBuildFile; fileRef = 8B5A3EBA2B65FEF100B7DD22 /* UIButton+Extension.swift */; };
		8B5A3EC02B65FEF100B7DD22 /* UIViewController+Extension.swift in Sources */ = {isa = PBXBuildFile; fileRef = 8B5A3EBB2B65FEF100B7DD22 /* UIViewController+Extension.swift */; };
		8B5A3EC12B65FEF100B7DD22 /* UITableViewCell+Extension.swift in Sources */ = {isa = PBXBuildFile; fileRef = 8B5A3EBC2B65FEF100B7DD22 /* UITableViewCell+Extension.swift */; };
		8B5A3EC22B65FEF100B7DD22 /* UICollectionViewCell+Extension.swift in Sources */ = {isa = PBXBuildFile; fileRef = 8B5A3EBD2B65FEF100B7DD22 /* UICollectionViewCell+Extension.swift */; };
		8B5A3EC42B661A6200B7DD22 /* Enumeration.swift in Sources */ = {isa = PBXBuildFile; fileRef = 8B5A3EC32B661A6200B7DD22 /* Enumeration.swift */; };
		8B5A3EC72B664D7A00B7DD22 /* RecentSearchTableViewCell.swift in Sources */ = {isa = PBXBuildFile; fileRef = 8B5A3EC62B664D7A00B7DD22 /* RecentSearchTableViewCell.swift */; };
		8B5A3ECA2B6669CE00B7DD22 /* SettingProfileViewController.swift in Sources */ = {isa = PBXBuildFile; fileRef = 8B5A3EC92B6669CE00B7DD22 /* SettingProfileViewController.swift */; };
		8B5A3ECD2B666A1300B7DD22 /* TextFieldEffects in Frameworks */ = {isa = PBXBuildFile; productRef = 8B5A3ECC2B666A1300B7DD22 /* TextFieldEffects */; };
		8B5A3F0A2B67E11300B7DD22 /* ProfileImageVIew.swift in Sources */ = {isa = PBXBuildFile; fileRef = 8B5A3F092B67E11300B7DD22 /* ProfileImageVIew.swift */; };
		8B5A3F0C2B67EA4000B7DD22 /* PointColorButton.swift in Sources */ = {isa = PBXBuildFile; fileRef = 8B5A3F0B2B67EA4000B7DD22 /* PointColorButton.swift */; };
		8B5A3F0E2B67ECF100B7DD22 /* SelectProfileViewController.swift in Sources */ = {isa = PBXBuildFile; fileRef = 8B5A3F0D2B67ECF100B7DD22 /* SelectProfileViewController.swift */; };
/* End PBXBuildFile section */

/* Begin PBXFileReference section */
		8B5545922BECF45300601489 /* SearchResultView.swift */ = {isa = PBXFileReference; lastKnownFileType = sourcecode.swift; path = SearchResultView.swift; sourceTree = "<group>"; };
		8B5545942BED10DD00601489 /* SearchResultRowView.swift */ = {isa = PBXFileReference; lastKnownFileType = sourcecode.swift; path = SearchResultRowView.swift; sourceTree = "<group>"; };
		8B5545962BED11E300601489 /* Network.swift */ = {isa = PBXFileReference; lastKnownFileType = sourcecode.swift; path = Network.swift; sourceTree = "<group>"; };
		8B5545992BED122E00601489 /* SearchModel.swift */ = {isa = PBXFileReference; lastKnownFileType = sourcecode.swift; path = SearchModel.swift; sourceTree = "<group>"; };
		8B55459B2BED12E500601489 /* .gitignore */ = {isa = PBXFileReference; lastKnownFileType = text; path = .gitignore; sourceTree = "<group>"; };
		8B5545A12BED193A00601489 /* SearchResultViewModel.swift */ = {isa = PBXFileReference; lastKnownFileType = sourcecode.swift; path = SearchResultViewModel.swift; sourceTree = "<group>"; };
		8B5545A32BED1E3300601489 /* APIKey.swift */ = {isa = PBXFileReference; lastKnownFileType = sourcecode.swift; path = APIKey.swift; sourceTree = "<group>"; };
		8B5A3E8C2B65377800B7DD22 /* SeSAC Shopping(CodeBase).app */ = {isa = PBXFileReference; explicitFileType = wrapper.application; includeInIndex = 0; path = "SeSAC Shopping(CodeBase).app"; sourceTree = BUILT_PRODUCTS_DIR; };
		8B5A3E8F2B65377800B7DD22 /* AppDelegate.swift */ = {isa = PBXFileReference; lastKnownFileType = sourcecode.swift; path = AppDelegate.swift; sourceTree = "<group>"; };
		8B5A3E912B65377800B7DD22 /* SceneDelegate.swift */ = {isa = PBXFileReference; lastKnownFileType = sourcecode.swift; path = SceneDelegate.swift; sourceTree = "<group>"; };
		8B5A3E932B65377800B7DD22 /* ViewController.swift */ = {isa = PBXFileReference; lastKnownFileType = sourcecode.swift; path = ViewController.swift; sourceTree = "<group>"; };
		8B5A3E962B65377800B7DD22 /* Base */ = {isa = PBXFileReference; lastKnownFileType = file.storyboard; name = Base; path = Base.lproj/Main.storyboard; sourceTree = "<group>"; };
		8B5A3E982B65377A00B7DD22 /* Assets.xcassets */ = {isa = PBXFileReference; lastKnownFileType = folder.assetcatalog; path = Assets.xcassets; sourceTree = "<group>"; };
		8B5A3E9B2B65377A00B7DD22 /* Base */ = {isa = PBXFileReference; lastKnownFileType = file.storyboard; name = Base; path = Base.lproj/LaunchScreen.storyboard; sourceTree = "<group>"; };
		8B5A3E9D2B65377A00B7DD22 /* Info.plist */ = {isa = PBXFileReference; lastKnownFileType = text.plist.xml; path = Info.plist; sourceTree = "<group>"; };
		8B5A3EAE2B65FB7700B7DD22 /* OnboardingViewController.swift */ = {isa = PBXFileReference; lastKnownFileType = sourcecode.swift; path = OnboardingViewController.swift; sourceTree = "<group>"; };
		8B5A3EB12B65FB8D00B7DD22 /* SettingViewController.swift */ = {isa = PBXFileReference; lastKnownFileType = sourcecode.swift; path = SettingViewController.swift; sourceTree = "<group>"; };
		8B5A3EB42B65FBB100B7DD22 /* SearchViewController.swift */ = {isa = PBXFileReference; lastKnownFileType = sourcecode.swift; path = SearchViewController.swift; sourceTree = "<group>"; };
		8B5A3EB62B65FC8800B7DD22 /* UserDefaultManager.swift */ = {isa = PBXFileReference; fileEncoding = 4; lastKnownFileType = sourcecode.swift; path = UserDefaultManager.swift; sourceTree = "<group>"; };
		8B5A3EB92B65FEF100B7DD22 /* UIImageView+Extension.swift */ = {isa = PBXFileReference; fileEncoding = 4; lastKnownFileType = sourcecode.swift; path = "UIImageView+Extension.swift"; sourceTree = "<group>"; };
		8B5A3EBA2B65FEF100B7DD22 /* UIButton+Extension.swift */ = {isa = PBXFileReference; fileEncoding = 4; lastKnownFileType = sourcecode.swift; path = "UIButton+Extension.swift"; sourceTree = "<group>"; };
		8B5A3EBB2B65FEF100B7DD22 /* UIViewController+Extension.swift */ = {isa = PBXFileReference; fileEncoding = 4; lastKnownFileType = sourcecode.swift; path = "UIViewController+Extension.swift"; sourceTree = "<group>"; };
		8B5A3EBC2B65FEF100B7DD22 /* UITableViewCell+Extension.swift */ = {isa = PBXFileReference; fileEncoding = 4; lastKnownFileType = sourcecode.swift; path = "UITableViewCell+Extension.swift"; sourceTree = "<group>"; };
		8B5A3EBD2B65FEF100B7DD22 /* UICollectionViewCell+Extension.swift */ = {isa = PBXFileReference; fileEncoding = 4; lastKnownFileType = sourcecode.swift; path = "UICollectionViewCell+Extension.swift"; sourceTree = "<group>"; };
		8B5A3EC32B661A6200B7DD22 /* Enumeration.swift */ = {isa = PBXFileReference; lastKnownFileType = sourcecode.swift; path = Enumeration.swift; sourceTree = "<group>"; };
		8B5A3EC62B664D7A00B7DD22 /* RecentSearchTableViewCell.swift */ = {isa = PBXFileReference; lastKnownFileType = sourcecode.swift; path = RecentSearchTableViewCell.swift; sourceTree = "<group>"; };
		8B5A3EC92B6669CE00B7DD22 /* SettingProfileViewController.swift */ = {isa = PBXFileReference; lastKnownFileType = sourcecode.swift; path = SettingProfileViewController.swift; sourceTree = "<group>"; };
		8B5A3F092B67E11300B7DD22 /* ProfileImageVIew.swift */ = {isa = PBXFileReference; lastKnownFileType = sourcecode.swift; path = ProfileImageVIew.swift; sourceTree = "<group>"; };
		8B5A3F0B2B67EA4000B7DD22 /* PointColorButton.swift */ = {isa = PBXFileReference; lastKnownFileType = sourcecode.swift; path = PointColorButton.swift; sourceTree = "<group>"; };
		8B5A3F0D2B67ECF100B7DD22 /* SelectProfileViewController.swift */ = {isa = PBXFileReference; lastKnownFileType = sourcecode.swift; path = SelectProfileViewController.swift; sourceTree = "<group>"; };
/* End PBXFileReference section */

/* Begin PBXFrameworksBuildPhase section */
		8B5A3E892B65377800B7DD22 /* Frameworks */ = {
			isa = PBXFrameworksBuildPhase;
			buildActionMask = 2147483647;
			files = (
				8B5A3ECD2B666A1300B7DD22 /* TextFieldEffects in Frameworks */,
				8B5A3EAA2B65F9EF00B7DD22 /* SnapKit in Frameworks */,
				8B5A3EAC2B65F9EF00B7DD22 /* SnapKit-Dynamic in Frameworks */,
			);
			runOnlyForDeploymentPostprocessing = 0;
		};
/* End PBXFrameworksBuildPhase section */

/* Begin PBXGroup section */
		8B5545982BED122900601489 /* Model */ = {
			isa = PBXGroup;
			children = (
				8B5545992BED122E00601489 /* SearchModel.swift */,
			);
			path = Model;
			sourceTree = "<group>";
		};
		8B5545A02BED192400601489 /* SearchResult */ = {
			isa = PBXGroup;
			children = (
				8B5545922BECF45300601489 /* SearchResultView.swift */,
				8B5545942BED10DD00601489 /* SearchResultRowView.swift */,
				8B5545A12BED193A00601489 /* SearchResultViewModel.swift */,
			);
			path = SearchResult;
			sourceTree = "<group>";
		};
		8B5A3E832B65377800B7DD22 = {
			isa = PBXGroup;
			children = (
				8B55459B2BED12E500601489 /* .gitignore */,
				8B5A3E8E2B65377800B7DD22 /* SeSAC Shopping(CodeBase) */,
				8B5A3E8D2B65377800B7DD22 /* Products */,
			);
			sourceTree = "<group>";
		};
		8B5A3E8D2B65377800B7DD22 /* Products */ = {
			isa = PBXGroup;
			children = (
				8B5A3E8C2B65377800B7DD22 /* SeSAC Shopping(CodeBase).app */,
			);
			name = Products;
			sourceTree = "<group>";
		};
		8B5A3E8E2B65377800B7DD22 /* SeSAC Shopping(CodeBase) */ = {
			isa = PBXGroup;
			children = (
				8B5545982BED122900601489 /* Model */,
				8B5A3F082B67E10000B7DD22 /* CustomView */,
				8B5A3EC82B6669BC00B7DD22 /* Profile */,
				8B5A3EC52B664D3D00B7DD22 /* TableViewCell */,
				8B5A3EB82B65FEF100B7DD22 /* Extension */,
				8B5A3EB32B65FB9900B7DD22 /* Search */,
				8B5A3EB02B65FB8300B7DD22 /* Setting */,
				8B5A3EAD2B65FB5C00B7DD22 /* Onboarding */,
				8B5A3E8F2B65377800B7DD22 /* AppDelegate.swift */,
				8B5A3E912B65377800B7DD22 /* SceneDelegate.swift */,
				8B5A3E932B65377800B7DD22 /* ViewController.swift */,
				8B5A3E952B65377800B7DD22 /* Main.storyboard */,
				8B5A3E982B65377A00B7DD22 /* Assets.xcassets */,
				8B5A3E9A2B65377A00B7DD22 /* LaunchScreen.storyboard */,
				8B5A3E9D2B65377A00B7DD22 /* Info.plist */,
				8B5A3EB62B65FC8800B7DD22 /* UserDefaultManager.swift */,
				8B5A3EC32B661A6200B7DD22 /* Enumeration.swift */,
				8B5545A32BED1E3300601489 /* APIKey.swift */,
			);
			path = "SeSAC Shopping(CodeBase)";
			sourceTree = "<group>";
		};
		8B5A3EAD2B65FB5C00B7DD22 /* Onboarding */ = {
			isa = PBXGroup;
			children = (
				8B5A3EAE2B65FB7700B7DD22 /* OnboardingViewController.swift */,
			);
			path = Onboarding;
			sourceTree = "<group>";
		};
		8B5A3EB02B65FB8300B7DD22 /* Setting */ = {
			isa = PBXGroup;
			children = (
				8B5A3EB12B65FB8D00B7DD22 /* SettingViewController.swift */,
			);
			path = Setting;
			sourceTree = "<group>";
		};
		8B5A3EB32B65FB9900B7DD22 /* Search */ = {
			isa = PBXGroup;
			children = (
				8B5A3EB42B65FBB100B7DD22 /* SearchViewController.swift */,
				8B5545A02BED192400601489 /* SearchResult */,
				8B5545962BED11E300601489 /* Network.swift */,
			);
			path = Search;
			sourceTree = "<group>";
		};
		8B5A3EB82B65FEF100B7DD22 /* Extension */ = {
			isa = PBXGroup;
			children = (
				8B5A3EB92B65FEF100B7DD22 /* UIImageView+Extension.swift */,
				8B5A3EBA2B65FEF100B7DD22 /* UIButton+Extension.swift */,
				8B5A3EBB2B65FEF100B7DD22 /* UIViewController+Extension.swift */,
				8B5A3EBC2B65FEF100B7DD22 /* UITableViewCell+Extension.swift */,
				8B5A3EBD2B65FEF100B7DD22 /* UICollectionViewCell+Extension.swift */,
			);
			path = Extension;
			sourceTree = "<group>";
		};
		8B5A3EC52B664D3D00B7DD22 /* TableViewCell */ = {
			isa = PBXGroup;
			children = (
				8B5A3EC62B664D7A00B7DD22 /* RecentSearchTableViewCell.swift */,
			);
			path = TableViewCell;
			sourceTree = "<group>";
		};
		8B5A3EC82B6669BC00B7DD22 /* Profile */ = {
			isa = PBXGroup;
			children = (
				8B5A3EC92B6669CE00B7DD22 /* SettingProfileViewController.swift */,
				8B5A3F0D2B67ECF100B7DD22 /* SelectProfileViewController.swift */,
			);
			path = Profile;
			sourceTree = "<group>";
		};
		8B5A3F082B67E10000B7DD22 /* CustomView */ = {
			isa = PBXGroup;
			children = (
				8B5A3F092B67E11300B7DD22 /* ProfileImageVIew.swift */,
				8B5A3F0B2B67EA4000B7DD22 /* PointColorButton.swift */,
			);
			path = CustomView;
			sourceTree = "<group>";
		};
/* End PBXGroup section */

/* Begin PBXNativeTarget section */
		8B5A3E8B2B65377800B7DD22 /* SeSAC Shopping(CodeBase) */ = {
			isa = PBXNativeTarget;
			buildConfigurationList = 8B5A3EA02B65377A00B7DD22 /* Build configuration list for PBXNativeTarget "SeSAC Shopping(CodeBase)" */;
			buildPhases = (
				8B5A3E882B65377800B7DD22 /* Sources */,
				8B5A3E892B65377800B7DD22 /* Frameworks */,
				8B5A3E8A2B65377800B7DD22 /* Resources */,
			);
			buildRules = (
			);
			dependencies = (
			);
			name = "SeSAC Shopping(CodeBase)";
			packageProductDependencies = (
				8B5A3EA92B65F9EF00B7DD22 /* SnapKit */,
				8B5A3EAB2B65F9EF00B7DD22 /* SnapKit-Dynamic */,
				8B5A3ECC2B666A1300B7DD22 /* TextFieldEffects */,
			);
			productName = "SeSAC Shopping(CodeBase)";
			productReference = 8B5A3E8C2B65377800B7DD22 /* SeSAC Shopping(CodeBase).app */;
			productType = "com.apple.product-type.application";
		};
/* End PBXNativeTarget section */

/* Begin PBXProject section */
		8B5A3E842B65377800B7DD22 /* Project object */ = {
			isa = PBXProject;
			attributes = {
				BuildIndependentTargetsInParallel = 1;
				LastSwiftUpdateCheck = 1500;
				LastUpgradeCheck = 1500;
				TargetAttributes = {
					8B5A3E8B2B65377800B7DD22 = {
						CreatedOnToolsVersion = 15.0;
					};
				};
			};
			buildConfigurationList = 8B5A3E872B65377800B7DD22 /* Build configuration list for PBXProject "SeSAC Shopping(CodeBase)" */;
			compatibilityVersion = "Xcode 14.0";
			developmentRegion = en;
			hasScannedForEncodings = 0;
			knownRegions = (
				en,
				Base,
			);
			mainGroup = 8B5A3E832B65377800B7DD22;
			packageReferences = (
				8B5A3EA82B65F9EF00B7DD22 /* XCRemoteSwiftPackageReference "SnapKit" */,
				8B5A3ECB2B666A1300B7DD22 /* XCRemoteSwiftPackageReference "TextFieldEffects" */,
			);
			productRefGroup = 8B5A3E8D2B65377800B7DD22 /* Products */;
			projectDirPath = "";
			projectRoot = "";
			targets = (
				8B5A3E8B2B65377800B7DD22 /* SeSAC Shopping(CodeBase) */,
			);
		};
/* End PBXProject section */

/* Begin PBXResourcesBuildPhase section */
		8B5A3E8A2B65377800B7DD22 /* Resources */ = {
			isa = PBXResourcesBuildPhase;
			buildActionMask = 2147483647;
			files = (
				8B55459C2BED12E500601489 /* .gitignore in Resources */,
				8B5A3E9C2B65377A00B7DD22 /* LaunchScreen.storyboard in Resources */,
				8B5A3E992B65377A00B7DD22 /* Assets.xcassets in Resources */,
				8B5A3E972B65377800B7DD22 /* Main.storyboard in Resources */,
			);
			runOnlyForDeploymentPostprocessing = 0;
		};
/* End PBXResourcesBuildPhase section */

/* Begin PBXSourcesBuildPhase section */
		8B5A3E882B65377800B7DD22 /* Sources */ = {
			isa = PBXSourcesBuildPhase;
			buildActionMask = 2147483647;
			files = (
				8B5545952BED10DD00601489 /* SearchResultRowView.swift in Sources */,
				8B5A3F0A2B67E11300B7DD22 /* ProfileImageVIew.swift in Sources */,
				8B5A3EC72B664D7A00B7DD22 /* RecentSearchTableViewCell.swift in Sources */,
				8B5A3EB52B65FBB100B7DD22 /* SearchViewController.swift in Sources */,
				8B5545932BECF45300601489 /* SearchResultView.swift in Sources */,
				8B5545972BED11E300601489 /* Network.swift in Sources */,
				8B5A3EB22B65FB8D00B7DD22 /* SettingViewController.swift in Sources */,
				8B5A3EBE2B65FEF100B7DD22 /* UIImageView+Extension.swift in Sources */,
				8B5A3E942B65377800B7DD22 /* ViewController.swift in Sources */,
				8B55459A2BED122E00601489 /* SearchModel.swift in Sources */,
				8B5545A42BED1E3300601489 /* APIKey.swift in Sources */,
				8B5A3E902B65377800B7DD22 /* AppDelegate.swift in Sources */,
				8B5A3EBF2B65FEF100B7DD22 /* UIButton+Extension.swift in Sources */,
				8B5545A22BED193A00601489 /* SearchResultViewModel.swift in Sources */,
				8B5A3EC12B65FEF100B7DD22 /* UITableViewCell+Extension.swift in Sources */,
				8B5A3E922B65377800B7DD22 /* SceneDelegate.swift in Sources */,
				8B5A3EC22B65FEF100B7DD22 /* UICollectionViewCell+Extension.swift in Sources */,
				8B5A3EAF2B65FB7700B7DD22 /* OnboardingViewController.swift in Sources */,
				8B5A3F0C2B67EA4000B7DD22 /* PointColorButton.swift in Sources */,
				8B5A3EC42B661A6200B7DD22 /* Enumeration.swift in Sources */,
				8B5A3ECA2B6669CE00B7DD22 /* SettingProfileViewController.swift in Sources */,
				8B5A3EC02B65FEF100B7DD22 /* UIViewController+Extension.swift in Sources */,
				8B5A3F0E2B67ECF100B7DD22 /* SelectProfileViewController.swift in Sources */,
				8B5A3EB72B65FC8800B7DD22 /* UserDefaultManager.swift in Sources */,
			);
			runOnlyForDeploymentPostprocessing = 0;
		};
/* End PBXSourcesBuildPhase section */

/* Begin PBXVariantGroup section */
		8B5A3E952B65377800B7DD22 /* Main.storyboard */ = {
			isa = PBXVariantGroup;
			children = (
				8B5A3E962B65377800B7DD22 /* Base */,
			);
			name = Main.storyboard;
			sourceTree = "<group>";
		};
		8B5A3E9A2B65377A00B7DD22 /* LaunchScreen.storyboard */ = {
			isa = PBXVariantGroup;
			children = (
				8B5A3E9B2B65377A00B7DD22 /* Base */,
			);
			name = LaunchScreen.storyboard;
			sourceTree = "<group>";
		};
/* End PBXVariantGroup section */

/* Begin XCBuildConfiguration section */
		8B5A3E9E2B65377A00B7DD22 /* Debug */ = {
			isa = XCBuildConfiguration;
			buildSettings = {
				ALWAYS_SEARCH_USER_PATHS = NO;
				ASSETCATALOG_COMPILER_GENERATE_SWIFT_ASSET_SYMBOL_EXTENSIONS = YES;
				CLANG_ANALYZER_NONNULL = YES;
				CLANG_ANALYZER_NUMBER_OBJECT_CONVERSION = YES_AGGRESSIVE;
				CLANG_CXX_LANGUAGE_STANDARD = "gnu++20";
				CLANG_ENABLE_MODULES = YES;
				CLANG_ENABLE_OBJC_ARC = YES;
				CLANG_ENABLE_OBJC_WEAK = YES;
				CLANG_WARN_BLOCK_CAPTURE_AUTORELEASING = YES;
				CLANG_WARN_BOOL_CONVERSION = YES;
				CLANG_WARN_COMMA = YES;
				CLANG_WARN_CONSTANT_CONVERSION = YES;
				CLANG_WARN_DEPRECATED_OBJC_IMPLEMENTATIONS = YES;
				CLANG_WARN_DIRECT_OBJC_ISA_USAGE = YES_ERROR;
				CLANG_WARN_DOCUMENTATION_COMMENTS = YES;
				CLANG_WARN_EMPTY_BODY = YES;
				CLANG_WARN_ENUM_CONVERSION = YES;
				CLANG_WARN_INFINITE_RECURSION = YES;
				CLANG_WARN_INT_CONVERSION = YES;
				CLANG_WARN_NON_LITERAL_NULL_CONVERSION = YES;
				CLANG_WARN_OBJC_IMPLICIT_RETAIN_SELF = YES;
				CLANG_WARN_OBJC_LITERAL_CONVERSION = YES;
				CLANG_WARN_OBJC_ROOT_CLASS = YES_ERROR;
				CLANG_WARN_QUOTED_INCLUDE_IN_FRAMEWORK_HEADER = YES;
				CLANG_WARN_RANGE_LOOP_ANALYSIS = YES;
				CLANG_WARN_STRICT_PROTOTYPES = YES;
				CLANG_WARN_SUSPICIOUS_MOVE = YES;
				CLANG_WARN_UNGUARDED_AVAILABILITY = YES_AGGRESSIVE;
				CLANG_WARN_UNREACHABLE_CODE = YES;
				CLANG_WARN__DUPLICATE_METHOD_MATCH = YES;
				COPY_PHASE_STRIP = NO;
				DEBUG_INFORMATION_FORMAT = dwarf;
				ENABLE_STRICT_OBJC_MSGSEND = YES;
				ENABLE_TESTABILITY = YES;
				ENABLE_USER_SCRIPT_SANDBOXING = YES;
				GCC_C_LANGUAGE_STANDARD = gnu17;
				GCC_DYNAMIC_NO_PIC = NO;
				GCC_NO_COMMON_BLOCKS = YES;
				GCC_OPTIMIZATION_LEVEL = 0;
				GCC_PREPROCESSOR_DEFINITIONS = (
					"DEBUG=1",
					"$(inherited)",
				);
				GCC_WARN_64_TO_32_BIT_CONVERSION = YES;
				GCC_WARN_ABOUT_RETURN_TYPE = YES_ERROR;
				GCC_WARN_UNDECLARED_SELECTOR = YES;
				GCC_WARN_UNINITIALIZED_AUTOS = YES_AGGRESSIVE;
				GCC_WARN_UNUSED_FUNCTION = YES;
				GCC_WARN_UNUSED_VARIABLE = YES;
				IPHONEOS_DEPLOYMENT_TARGET = 17.0;
				LOCALIZATION_PREFERS_STRING_CATALOGS = YES;
				MTL_ENABLE_DEBUG_INFO = INCLUDE_SOURCE;
				MTL_FAST_MATH = YES;
				ONLY_ACTIVE_ARCH = YES;
				SDKROOT = iphoneos;
				SWIFT_ACTIVE_COMPILATION_CONDITIONS = "DEBUG $(inherited)";
				SWIFT_OPTIMIZATION_LEVEL = "-Onone";
			};
			name = Debug;
		};
		8B5A3E9F2B65377A00B7DD22 /* Release */ = {
			isa = XCBuildConfiguration;
			buildSettings = {
				ALWAYS_SEARCH_USER_PATHS = NO;
				ASSETCATALOG_COMPILER_GENERATE_SWIFT_ASSET_SYMBOL_EXTENSIONS = YES;
				CLANG_ANALYZER_NONNULL = YES;
				CLANG_ANALYZER_NUMBER_OBJECT_CONVERSION = YES_AGGRESSIVE;
				CLANG_CXX_LANGUAGE_STANDARD = "gnu++20";
				CLANG_ENABLE_MODULES = YES;
				CLANG_ENABLE_OBJC_ARC = YES;
				CLANG_ENABLE_OBJC_WEAK = YES;
				CLANG_WARN_BLOCK_CAPTURE_AUTORELEASING = YES;
				CLANG_WARN_BOOL_CONVERSION = YES;
				CLANG_WARN_COMMA = YES;
				CLANG_WARN_CONSTANT_CONVERSION = YES;
				CLANG_WARN_DEPRECATED_OBJC_IMPLEMENTATIONS = YES;
				CLANG_WARN_DIRECT_OBJC_ISA_USAGE = YES_ERROR;
				CLANG_WARN_DOCUMENTATION_COMMENTS = YES;
				CLANG_WARN_EMPTY_BODY = YES;
				CLANG_WARN_ENUM_CONVERSION = YES;
				CLANG_WARN_INFINITE_RECURSION = YES;
				CLANG_WARN_INT_CONVERSION = YES;
				CLANG_WARN_NON_LITERAL_NULL_CONVERSION = YES;
				CLANG_WARN_OBJC_IMPLICIT_RETAIN_SELF = YES;
				CLANG_WARN_OBJC_LITERAL_CONVERSION = YES;
				CLANG_WARN_OBJC_ROOT_CLASS = YES_ERROR;
				CLANG_WARN_QUOTED_INCLUDE_IN_FRAMEWORK_HEADER = YES;
				CLANG_WARN_RANGE_LOOP_ANALYSIS = YES;
				CLANG_WARN_STRICT_PROTOTYPES = YES;
				CLANG_WARN_SUSPICIOUS_MOVE = YES;
				CLANG_WARN_UNGUARDED_AVAILABILITY = YES_AGGRESSIVE;
				CLANG_WARN_UNREACHABLE_CODE = YES;
				CLANG_WARN__DUPLICATE_METHOD_MATCH = YES;
				COPY_PHASE_STRIP = NO;
				DEBUG_INFORMATION_FORMAT = "dwarf-with-dsym";
				ENABLE_NS_ASSERTIONS = NO;
				ENABLE_STRICT_OBJC_MSGSEND = YES;
				ENABLE_USER_SCRIPT_SANDBOXING = YES;
				GCC_C_LANGUAGE_STANDARD = gnu17;
				GCC_NO_COMMON_BLOCKS = YES;
				GCC_WARN_64_TO_32_BIT_CONVERSION = YES;
				GCC_WARN_ABOUT_RETURN_TYPE = YES_ERROR;
				GCC_WARN_UNDECLARED_SELECTOR = YES;
				GCC_WARN_UNINITIALIZED_AUTOS = YES_AGGRESSIVE;
				GCC_WARN_UNUSED_FUNCTION = YES;
				GCC_WARN_UNUSED_VARIABLE = YES;
				IPHONEOS_DEPLOYMENT_TARGET = 17.0;
				LOCALIZATION_PREFERS_STRING_CATALOGS = YES;
				MTL_ENABLE_DEBUG_INFO = NO;
				MTL_FAST_MATH = YES;
				SDKROOT = iphoneos;
				SWIFT_COMPILATION_MODE = wholemodule;
				VALIDATE_PRODUCT = YES;
			};
			name = Release;
		};
		8B5A3EA12B65377A00B7DD22 /* Debug */ = {
			isa = XCBuildConfiguration;
			buildSettings = {
				ASSETCATALOG_COMPILER_APPICON_NAME = AppIcon;
				ASSETCATALOG_COMPILER_GLOBAL_ACCENT_COLOR_NAME = AccentColor;
				CODE_SIGN_STYLE = Automatic;
				CURRENT_PROJECT_VERSION = 1;
				GENERATE_INFOPLIST_FILE = YES;
				INFOPLIST_FILE = "SeSAC Shopping(CodeBase)/Info.plist";
				INFOPLIST_KEY_UIApplicationSupportsIndirectInputEvents = YES;
				INFOPLIST_KEY_UILaunchStoryboardName = LaunchScreen;
				INFOPLIST_KEY_UIMainStoryboardFile = Main;
				INFOPLIST_KEY_UISupportedInterfaceOrientations_iPad = "UIInterfaceOrientationPortrait UIInterfaceOrientationPortraitUpsideDown UIInterfaceOrientationLandscapeLeft UIInterfaceOrientationLandscapeRight";
				INFOPLIST_KEY_UISupportedInterfaceOrientations_iPhone = "UIInterfaceOrientationPortrait UIInterfaceOrientationLandscapeLeft UIInterfaceOrientationLandscapeRight";
				IPHONEOS_DEPLOYMENT_TARGET = 16.0;
				LD_RUNPATH_SEARCH_PATHS = (
					"$(inherited)",
					"@executable_path/Frameworks",
				);
				MARKETING_VERSION = 1.0;
				PRODUCT_BUNDLE_IDENTIFIER = "com.ohddang.SeSAC-Shopping-CodeBase-";
				PRODUCT_NAME = "$(TARGET_NAME)";
				SWIFT_EMIT_LOC_STRINGS = YES;
				SWIFT_VERSION = 5.0;
				TARGETED_DEVICE_FAMILY = "1,2";
			};
			name = Debug;
		};
		8B5A3EA22B65377A00B7DD22 /* Release */ = {
			isa = XCBuildConfiguration;
			buildSettings = {
				ASSETCATALOG_COMPILER_APPICON_NAME = AppIcon;
				ASSETCATALOG_COMPILER_GLOBAL_ACCENT_COLOR_NAME = AccentColor;
				CODE_SIGN_STYLE = Automatic;
				CURRENT_PROJECT_VERSION = 1;
				GENERATE_INFOPLIST_FILE = YES;
				INFOPLIST_FILE = "SeSAC Shopping(CodeBase)/Info.plist";
				INFOPLIST_KEY_UIApplicationSupportsIndirectInputEvents = YES;
				INFOPLIST_KEY_UILaunchStoryboardName = LaunchScreen;
				INFOPLIST_KEY_UIMainStoryboardFile = Main;
				INFOPLIST_KEY_UISupportedInterfaceOrientations_iPad = "UIInterfaceOrientationPortrait UIInterfaceOrientationPortraitUpsideDown UIInterfaceOrientationLandscapeLeft UIInterfaceOrientationLandscapeRight";
				INFOPLIST_KEY_UISupportedInterfaceOrientations_iPhone = "UIInterfaceOrientationPortrait UIInterfaceOrientationLandscapeLeft UIInterfaceOrientationLandscapeRight";
				IPHONEOS_DEPLOYMENT_TARGET = 16.0;
				LD_RUNPATH_SEARCH_PATHS = (
					"$(inherited)",
					"@executable_path/Frameworks",
				);
				MARKETING_VERSION = 1.0;
				PRODUCT_BUNDLE_IDENTIFIER = "com.ohddang.SeSAC-Shopping-CodeBase-";
				PRODUCT_NAME = "$(TARGET_NAME)";
				SWIFT_EMIT_LOC_STRINGS = YES;
				SWIFT_VERSION = 5.0;
				TARGETED_DEVICE_FAMILY = "1,2";
			};
			name = Release;
		};
/* End XCBuildConfiguration section */

/* Begin XCConfigurationList section */
		8B5A3E872B65377800B7DD22 /* Build configuration list for PBXProject "SeSAC Shopping(CodeBase)" */ = {
			isa = XCConfigurationList;
			buildConfigurations = (
				8B5A3E9E2B65377A00B7DD22 /* Debug */,
				8B5A3E9F2B65377A00B7DD22 /* Release */,
			);
			defaultConfigurationIsVisible = 0;
			defaultConfigurationName = Release;
		};
		8B5A3EA02B65377A00B7DD22 /* Build configuration list for PBXNativeTarget "SeSAC Shopping(CodeBase)" */ = {
			isa = XCConfigurationList;
			buildConfigurations = (
				8B5A3EA12B65377A00B7DD22 /* Debug */,
				8B5A3EA22B65377A00B7DD22 /* Release */,
			);
			defaultConfigurationIsVisible = 0;
			defaultConfigurationName = Release;
		};
/* End XCConfigurationList section */

/* Begin XCRemoteSwiftPackageReference section */
		8B5A3EA82B65F9EF00B7DD22 /* XCRemoteSwiftPackageReference "SnapKit" */ = {
			isa = XCRemoteSwiftPackageReference;
			repositoryURL = "https://github.com/SnapKit/SnapKit";
			requirement = {
				kind = upToNextMajorVersion;
				minimumVersion = 5.7.0;
			};
		};
		8B5A3ECB2B666A1300B7DD22 /* XCRemoteSwiftPackageReference "TextFieldEffects" */ = {
			isa = XCRemoteSwiftPackageReference;
			repositoryURL = "https://github.com/raulriera/TextFieldEffects.git";
			requirement = {
				kind = upToNextMajorVersion;
				minimumVersion = 1.7.0;
			};
		};
/* End XCRemoteSwiftPackageReference section */

/* Begin XCSwiftPackageProductDependency section */
		8B5A3EA92B65F9EF00B7DD22 /* SnapKit */ = {
			isa = XCSwiftPackageProductDependency;
			package = 8B5A3EA82B65F9EF00B7DD22 /* XCRemoteSwiftPackageReference "SnapKit" */;
			productName = SnapKit;
		};
		8B5A3EAB2B65F9EF00B7DD22 /* SnapKit-Dynamic */ = {
			isa = XCSwiftPackageProductDependency;
			package = 8B5A3EA82B65F9EF00B7DD22 /* XCRemoteSwiftPackageReference "SnapKit" */;
			productName = "SnapKit-Dynamic";
		};
		8B5A3ECC2B666A1300B7DD22 /* TextFieldEffects */ = {
			isa = XCSwiftPackageProductDependency;
			package = 8B5A3ECB2B666A1300B7DD22 /* XCRemoteSwiftPackageReference "TextFieldEffects" */;
			productName = TextFieldEffects;
		};
/* End XCSwiftPackageProductDependency section */
	};
	rootObject = 8B5A3E842B65377800B7DD22 /* Project object */;
}
